
Microsoft Visual Studio Solution File, Format Version 12.00
# Visual Studio Version 16
VisualStudioVersion = 16.0.31624.102
MinimumVisualStudioVersion = 10.0.40219.1
Project("{FAE04EC0-301F-11D3-BF4B-00C04F79EFBC}") = "PRESENTACION", "PRESENTACION\PRESENTACION.csproj", "{9F1ADB7E-985A-426B-9064-08E179E89B3F}"
EndProject
Project("{FAE04EC0-301F-11D3-BF4B-00C04F79EFBC}") = "NEGOCIO", "DOMINIO\NEGOCIO.csproj", "{946A0067-0A58-4C3B-ADE3-AA77606F635B}"
EndProject
Project("{FAE04EC0-301F-11D3-BF4B-00C04F79EFBC}") = "ACCESOADATOS", "ACCESOADATOS\ACCESOADATOS.csproj", "{309AD758-309A-49E0-9EB5-020059CFE959}"
EndProject
Global
	GlobalSection(SolutionConfigurationPlatforms) = preSolution
		Debug|Any CPU = Debug|Any CPU
		Release|Any CPU = Release|Any CPU
	EndGlobalSection
	GlobalSection(ProjectConfigurationPlatforms) = postSolution
		{9F1ADB7E-985A-426B-9064-08E179E89B3F}.Debug|Any CPU.ActiveCfg = Debug|Any CPU
		{9F1ADB7E-985A-426B-9064-08E179E89B3F}.Debug|Any CPU.Build.0 = Debug|Any CPU
		{9F1ADB7E-985A-426B-9064-08E179E89B3F}.Release|Any CPU.ActiveCfg = Release|Any CPU
		{9F1ADB7E-985A-426B-9064-08E179E89B3F}.Release|Any CPU.Build.0 = Release|Any CPU
		{946A0067-0A58-4C3B-ADE3-AA77606F635B}.Debug|Any CPU.ActiveCfg = Debug|Any CPU
		{946A0067-0A58-4C3B-ADE3-AA77606F635B}.Debug|Any CPU.Build.0 = Debug|Any CPU
		{946A0067-0A58-4C3B-ADE3-AA77606F635B}.Release|Any CPU.ActiveCfg = Release|Any CPU
		{946A0067-0A58-4C3B-ADE3-AA77606F635B}.Release|Any CPU.Build.0 = Release|Any CPU
		{309AD758-309A-49E0-9EB5-020059CFE959}.Debug|Any CPU.ActiveCfg = Debug|Any CPU
		{309AD758-309A-49E0-9EB5-020059CFE959}.Debug|Any CPU.Build.0 = Debug|Any CPU
		{309AD758-309A-49E0-9EB5-020059CFE959}.Release|Any CPU.ActiveCfg = Release|Any CPU
		{309AD758-309A-49E0-9EB5-020059CFE959}.Release|Any CPU.Build.0 = Release|Any CPU
	EndGlobalSection
	GlobalSection(SolutionProperties) = preSolution
		HideSolutionNode = FALSE
	EndGlobalSection
	GlobalSection(ExtensibilityGlobals) = postSolution
		SolutionGuid = {C5F67E23-369B-4381-B44E-EBD3F0F9ED5A}
	EndGlobalSection
EndGlobal
